
Microsoft Visual Studio Solution File, Format Version 12.00
# Visual Studio Version 17
VisualStudioVersion = 17.14.36623.8 d17.14
MinimumVisualStudioVersion = 10.0.40219.1
Project("{FAE04EC0-301F-11D3-BF4B-00C04F79EFBC}") = "WindowsFormsApp2", "WindowsFormsApp2\WindowsFormsApp2.csproj", "{CD684E82-5154-4F81-A44C-F30AF1DAA9B5}"
EndProject
Global
	GlobalSection(SolutionConfigurationPlatforms) = preSolution
		Debug|Any CPU = Debug|Any CPU
		Release|Any CPU = Release|Any CPU
	EndGlobalSection
	GlobalSection(ProjectConfigurationPlatforms) = postSolution
		{CD684E82-5154-4F81-A44C-F30AF1DAA9B5}.Debug|Any CPU.ActiveCfg = Debug|Any CPU
		{CD684E82-5154-4F81-A44C-F30AF1DAA9B5}.Debug|Any CPU.Build.0 = Debug|Any CPU
		{CD684E82-5154-4F81-A44C-F30AF1DAA9B5}.Release|Any CPU.ActiveCfg = Release|Any CPU
		{CD684E82-5154-4F81-A44C-F30AF1DAA9B5}.Release|Any CPU.Build.0 = Release|Any CPU
	EndGlobalSection
	GlobalSection(SolutionProperties) = preSolution
		HideSolutionNode = FALSE
	EndGlobalSection
	GlobalSection(ExtensibilityGlobals) = postSolution
		SolutionGuid = {6ACB8A29-7FA2-49B4-9AD0-4E275DCFB07E}
	EndGlobalSection
EndGlobal
